{
  "name": "codex-history-share",
  "version": "0.1.1",
  "lockfileVersion": 3,
  "requires": true,
  "packages": {
    "": {
      "name": "codex-history-share",
      "version": "0.1.1",
      "license": "MIT",
      "dependencies": {
        "codex-provider-sync": "git+https://github.com/Dailin521/codex-provider-sync.git"
      },
      "bin": {
        "codex-history": "src/cli.js"
      },
      "engines": {
        "node": ">=24.0.0"
      }
    },
    "node_modules/codex-provider-sync": {
      "version": "0.2.5",
      "resolved": "git+ssh://git@github.com/Dailin521/codex-provider-sync.git#93f0ea47d271eea0a3d9469fc00364db477eb9be",
      "license": "MIT",
      "bin": {
        "codex-provider": "src/cli.js"
      },
      "engines": {
        "node": ">=24.0.0"
      }
    }
  }
}
